<?xml version="1.0" encoding="utf-8"?>
<Project ToolsVersion="4.0" xmlns="http://schemas.microsoft.com/developer/msbuild/2003">
  <ItemGroup>
    <ClCompile Include="dllmain.cpp" />
    <ClCompile Include="cpu_optimization.cpp" />
    <ClCompile Include="d3d9_hook.cpp" />
    <ClCompile Include="gui.cpp" />
    <ClCompile Include="hooks.cpp" />
    <ClCompile Include="intersection_patch.cpp" />
    <ClCompile Include="optimization.cpp" />
    <ClCompile Include="pattern_scan.cpp" />
    <ClCompile Include="preset_manager.cpp" />
    <ClCompile Include="qol.cpp" />
    <ClCompile Include="settings.cpp" />
    <ClCompile Include="vtable_manager.cpp" />
    <ClCompile Include="logger.cpp" />
    <ClCompile Include="patches\lot_visibility_patch.cpp">
      <Filter>patches</Filter>
    </ClCompile>
    <ClCompile Include="patches\cpu_optimization_patch_register.cpp">
      <Filter>patches</Filter>
    </ClCompile>
    <ClCompile Include="patches\intersection_patch_register.cpp">
      <Filter>patches</Filter>
    </ClCompile>
    <ClCompile Include="patches\map_view_lot_blocker_patch.cpp" />
    <ClCompile Include="patches\timer_optimization_patch.cpp" />
    <ClCompile Include="patches\createfileW_patch.cpp" />
    <ClCompile Include="patches\smooth_patch_dupe.cpp">
      <Filter>patches</Filter>
    </ClCompile>
    <ClCompile Include="patches\resolution_control.cpp">
      <Filter>patches</Filter>
    </ClCompile>
  </ItemGroup>
  <ItemGroup>
    <ClInclude Include="config_value_cache.h" />
    <ClInclude Include="cpu_optimization.h" />
    <ClInclude Include="d3d9_hook.h" />
    <ClInclude Include="framework.h" />
    <ClInclude Include="gui.h" />
    <ClInclude Include="intersection_patch.h" />
    <ClInclude Include="optimization.h" />
    <ClInclude Include="pattern_scan.h" />
    <ClInclude Include="preset_manager.h" />
    <ClInclude Include="qol.h" />
    <ClInclude Include="settings.h" />
    <ClInclude Include="settings_gui.h" />
    <ClInclude Include="utils.h" />
    <ClInclude Include="vtable_manager.h" />
    <ClInclude Include="logger.h" />
    <ClInclude Include="patch_system.h" />
    <ClInclude Include="patch_helpers.h" />
  </ItemGroup>
  <ItemGroup>
    <Filter Include="patches">
      <UniqueIdentifier>{a1b2c3d4-5678-9abc-def0-123456789abc}</UniqueIdentifier>
    </Filter>
  </ItemGroup>
</Project>